
Microsoft Visual Studio Solution File, Format Version 12.00
# Visual Studio Version 16
VisualStudioVersion = 16.0.33927.289
MinimumVisualStudioVersion = 10.0.40219.1
Project("{2150E333-8FDC-42A3-9474-1A3956D46DE8}") = "Task0", "Task0", "{8D287B79-2D81-4A41-8D23-6FC1F36BB2F1}"
EndProject
Project("{FAE04EC0-301F-11D3-BF4B-00C04F79EFBC}") = "Tyuiu.RagimovaMA.Sprint0.Task0.V0", "Tyuiu.RagimovaMA.Sprint0.Task0.V0\Tyuiu.RagimovaMA.Sprint0.Task0.V0.csproj", "{70826842-BC4C-4012-895B-D23C81289D9D}"
EndProject
Project("{2150E333-8FDC-42A3-9474-1A3956D46DE8}") = "Task1", "Task1", "{038ED1AE-B4F9-4291-9187-0407FF9496F1}"
EndProject
Project("{FAE04EC0-301F-11D3-BF4B-00C04F79EFBC}") = "Tyuiu.RagimovaMA.Sprint0.Task1.V0", "Tyuiu.RagimovaMA.Sprint0.Task1.V0\Tyuiu.RagimovaMA.Sprint0.Task1.V0.csproj", "{453D6FD9-E741-4C29-A6DF-851837800C2E}"
EndProject
Project("{2150E333-8FDC-42A3-9474-1A3956D46DE8}") = "Task2", "Task2", "{6B41CB5A-583A-42F5-833F-497F59E637A7}"
EndProject
Project("{FAE04EC0-301F-11D3-BF4B-00C04F79EFBC}") = "Tyuiu.RagimovaMA.Sprint0.Task2.V0", "Tyuiu.RagimovaMA.Sprint0.Task2.V0\Tyuiu.RagimovaMA.Sprint0.Task2.V0.csproj", "{F868D8EB-D264-4056-A1F3-CAADD2345EBF}"
EndProject
Project("{FAE04EC0-301F-11D3-BF4B-00C04F79EFBC}") = "Tyuiu.RagimovaMA.Sprint0.Task2.V0.Lib", "Tyuiu.RagimovaMA.Sprint0.Task2.V0.Lib\Tyuiu.RagimovaMA.Sprint0.Task2.V0.Lib.csproj", "{8816F81C-BF80-4E30-A2A6-5C1DF11B1721}"
EndProject
Project("{FAE04EC0-301F-11D3-BF4B-00C04F79EFBC}") = "Tyuiu.RagimovaMA.Sprint0.Task2.V0.Test", "Tyuiu.RagimovaMA.Sprint0.Task2.V0.Test\Tyuiu.RagimovaMA.Sprint0.Task2.V0.Test.csproj", "{5BD72AAF-CFBD-4B52-918A-10F2241E37ED}"
EndProject
Project("{2150E333-8FDC-42A3-9474-1A3956D46DE8}") = "Task3", "Task3", "{90E523BC-BC8F-4810-96AC-31EC343A9240}"
EndProject
Project("{FAE04EC0-301F-11D3-BF4B-00C04F79EFBC}") = "Tyuiu.RagimovaMA.Sprint0.Task3.V0", "Tyuiu.RagimovaMA.Sprint0.Task3.V0\Tyuiu.RagimovaMA.Sprint0.Task3.V0.csproj", "{FB564539-024E-4A7B-A7E5-CAA9DCF104DD}"
EndProject
Project("{FAE04EC0-301F-11D3-BF4B-00C04F79EFBC}") = "Tyuiu.RagimovaMA.Sprint0.Task3.V0.Lib", "Tyuiu.RagimovaMA.Sprint0.Task3.V0.Lib\Tyuiu.RagimovaMA.Sprint0.Task3.V0.Lib.csproj", "{124393E0-3B4B-4F85-AC74-F10B979A0189}"
EndProject
Project("{FAE04EC0-301F-11D3-BF4B-00C04F79EFBC}") = "Tyuiu.RagimovaMA.Sprint0.Task3.V0.Test", "Tyuiu.RagimovaMA.Sprint0.Task3.V0.Test\Tyuiu.RagimovaMA.Sprint0.Task3.V0.Test.csproj", "{5857F6B5-1601-49C2-A002-5693665E8A31}"
EndProject
Project("{2150E333-8FDC-42A3-9474-1A3956D46DE8}") = "Task4", "Task4", "{EB86E626-1E0A-465E-A3FB-0050CC1E448D}"
EndProject
Project("{FAE04EC0-301F-11D3-BF4B-00C04F79EFBC}") = "Tyuiu.RagimovaMA.Sprint0.Task4.V0", "Tyuiu.RagimovaMA.Sprint0.Task4.V0\Tyuiu.RagimovaMA.Sprint0.Task4.V0.csproj", "{3B358564-840F-4B3A-B723-AADBF36F55F0}"
EndProject
Project("{FAE04EC0-301F-11D3-BF4B-00C04F79EFBC}") = "Tyuiu.RagimovaMA.Sprint0.Task4.V0.Lib", "Tyuiu.RagimovaMA.Sprint0.Task4.V0.Lib\Tyuiu.RagimovaMA.Sprint0.Task4.V0.Lib.csproj", "{8BFC9B20-9544-49AD-90F8-396E5DC0C918}"
EndProject
Project("{FAE04EC0-301F-11D3-BF4B-00C04F79EFBC}") = "Tyuiu.RagimovaMA.Sprint0.Task4.V0.Test", "Tyuiu.RagimovaMA.Sprint0.Task4.V0.Test\Tyuiu.RagimovaMA.Sprint0.Task4.V0.Test.csproj", "{F824F87A-CEB1-4469-930C-CF0E6D2841BF}"
EndProject
Project("{2150E333-8FDC-42A3-9474-1A3956D46DE8}") = "Task5", "Task5", "{5D4453FB-B8B1-4059-84FC-01AE0B5D92B7}"
EndProject
Project("{FAE04EC0-301F-11D3-BF4B-00C04F79EFBC}") = "Tyuiu.RagimovaMA.Sprint0.Task5.V0", "Tyuiu.RagimovaMA.Sprint0.Task5.V0\Tyuiu.RagimovaMA.Sprint0.Task5.V0.csproj", "{C8F5E87A-7368-4072-A008-A42231F8BC4E}"
EndProject
Project("{FAE04EC0-301F-11D3-BF4B-00C04F79EFBC}") = "Tyuiu.RagimovaMA.Sprint0.Task5.V0.Lib", "Tyuiu.RagimovaMA.Sprint0.Task5.V0.Lib\Tyuiu.RagimovaMA.Sprint0.Task5.V0.Lib.csproj", "{DA6D60AB-5BB7-418F-B392-DAFA88ECB168}"
EndProject
Project("{FAE04EC0-301F-11D3-BF4B-00C04F79EFBC}") = "Tyuiu.RagimovaMA.Sprint0.Task5.V0.Test", "Tyuiu.RagimovaMA.Sprint0.Task5.V0.Test\Tyuiu.RagimovaMA.Sprint0.Task5.V0.Test.csproj", "{15B0CECA-D953-4713-847B-65E5DC74D955}"
EndProject
Global
	GlobalSection(SolutionConfigurationPlatforms) = preSolution
		Debug|Any CPU = Debug|Any CPU
		Release|Any CPU = Release|Any CPU
	EndGlobalSection
	GlobalSection(ProjectConfigurationPlatforms) = postSolution
		{70826842-BC4C-4012-895B-D23C81289D9D}.Debug|Any CPU.ActiveCfg = Debug|Any CPU
		{70826842-BC4C-4012-895B-D23C81289D9D}.Debug|Any CPU.Build.0 = Debug|Any CPU
		{70826842-BC4C-4012-895B-D23C81289D9D}.Release|Any CPU.ActiveCfg = Release|Any CPU
		{70826842-BC4C-4012-895B-D23C81289D9D}.Release|Any CPU.Build.0 = Release|Any CPU
		{453D6FD9-E741-4C29-A6DF-851837800C2E}.Debug|Any CPU.ActiveCfg = Debug|Any CPU
		{453D6FD9-E741-4C29-A6DF-851837800C2E}.Debug|Any CPU.Build.0 = Debug|Any CPU
		{453D6FD9-E741-4C29-A6DF-851837800C2E}.Release|Any CPU.ActiveCfg = Release|Any CPU
		{453D6FD9-E741-4C29-A6DF-851837800C2E}.Release|Any CPU.Build.0 = Release|Any CPU
		{F868D8EB-D264-4056-A1F3-CAADD2345EBF}.Debug|Any CPU.ActiveCfg = Debug|Any CPU
		{F868D8EB-D264-4056-A1F3-CAADD2345EBF}.Debug|Any CPU.Build.0 = Debug|Any CPU
		{F868D8EB-D264-4056-A1F3-CAADD2345EBF}.Release|Any CPU.ActiveCfg = Release|Any CPU
		{F868D8EB-D264-4056-A1F3-CAADD2345EBF}.Release|Any CPU.Build.0 = Release|Any CPU
		{8816F81C-BF80-4E30-A2A6-5C1DF11B1721}.Debug|Any CPU.ActiveCfg = Debug|Any CPU
		{8816F81C-BF80-4E30-A2A6-5C1DF11B1721}.Debug|Any CPU.Build.0 = Debug|Any CPU
		{8816F81C-BF80-4E30-A2A6-5C1DF11B1721}.Release|Any CPU.ActiveCfg = Release|Any CPU
		{8816F81C-BF80-4E30-A2A6-5C1DF11B1721}.Release|Any CPU.Build.0 = Release|Any CPU
		{5BD72AAF-CFBD-4B52-918A-10F2241E37ED}.Debug|Any CPU.ActiveCfg = Debug|Any CPU
		{5BD72AAF-CFBD-4B52-918A-10F2241E37ED}.Debug|Any CPU.Build.0 = Debug|Any CPU
		{5BD72AAF-CFBD-4B52-918A-10F2241E37ED}.Release|Any CPU.ActiveCfg = Release|Any CPU
		{5BD72AAF-CFBD-4B52-918A-10F2241E37ED}.Release|Any CPU.Build.0 = Release|Any CPU
		{FB564539-024E-4A7B-A7E5-CAA9DCF104DD}.Debug|Any CPU.ActiveCfg = Debug|Any CPU
		{FB564539-024E-4A7B-A7E5-CAA9DCF104DD}.Debug|Any CPU.Build.0 = Debug|Any CPU
		{FB564539-024E-4A7B-A7E5-CAA9DCF104DD}.Release|Any CPU.ActiveCfg = Release|Any CPU
		{FB564539-024E-4A7B-A7E5-CAA9DCF104DD}.Release|Any CPU.Build.0 = Release|Any CPU
		{124393E0-3B4B-4F85-AC74-F10B979A0189}.Debug|Any CPU.ActiveCfg = Debug|Any CPU
		{124393E0-3B4B-4F85-AC74-F10B979A0189}.Debug|Any CPU.Build.0 = Debug|Any CPU
		{124393E0-3B4B-4F85-AC74-F10B979A0189}.Release|Any CPU.ActiveCfg = Release|Any CPU
		{124393E0-3B4B-4F85-AC74-F10B979A0189}.Release|Any CPU.Build.0 = Release|Any CPU
		{5857F6B5-1601-49C2-A002-5693665E8A31}.Debug|Any CPU.ActiveCfg = Debug|Any CPU
		{5857F6B5-1601-49C2-A002-5693665E8A31}.Debug|Any CPU.Build.0 = Debug|Any CPU
		{5857F6B5-1601-49C2-A002-5693665E8A31}.Release|Any CPU.ActiveCfg = Release|Any CPU
		{5857F6B5-1601-49C2-A002-5693665E8A31}.Release|Any CPU.Build.0 = Release|Any CPU
		{3B358564-840F-4B3A-B723-AADBF36F55F0}.Debug|Any CPU.ActiveCfg = Debug|Any CPU
		{3B358564-840F-4B3A-B723-AADBF36F55F0}.Debug|Any CPU.Build.0 = Debug|Any CPU
		{3B358564-840F-4B3A-B723-AADBF36F55F0}.Release|Any CPU.ActiveCfg = Release|Any CPU
		{3B358564-840F-4B3A-B723-AADBF36F55F0}.Release|Any CPU.Build.0 = Release|Any CPU
		{8BFC9B20-9544-49AD-90F8-396E5DC0C918}.Debug|Any CPU.ActiveCfg = Debug|Any CPU
		{8BFC9B20-9544-49AD-90F8-396E5DC0C918}.Debug|Any CPU.Build.0 = Debug|Any CPU
		{8BFC9B20-9544-49AD-90F8-396E5DC0C918}.Release|Any CPU.ActiveCfg = Release|Any CPU
		{8BFC9B20-9544-49AD-90F8-396E5DC0C918}.Release|Any CPU.Build.0 = Release|Any CPU
		{F824F87A-CEB1-4469-930C-CF0E6D2841BF}.Debug|Any CPU.ActiveCfg = Debug|Any CPU
		{F824F87A-CEB1-4469-930C-CF0E6D2841BF}.Debug|Any CPU.Build.0 = Debug|Any CPU
		{F824F87A-CEB1-4469-930C-CF0E6D2841BF}.Release|Any CPU.ActiveCfg = Release|Any CPU
		{F824F87A-CEB1-4469-930C-CF0E6D2841BF}.Release|Any CPU.Build.0 = Release|Any CPU
		{C8F5E87A-7368-4072-A008-A42231F8BC4E}.Debug|Any CPU.ActiveCfg = Debug|Any CPU
		{C8F5E87A-7368-4072-A008-A42231F8BC4E}.Debug|Any CPU.Build.0 = Debug|Any CPU
		{C8F5E87A-7368-4072-A008-A42231F8BC4E}.Release|Any CPU.ActiveCfg = Release|Any CPU
		{C8F5E87A-7368-4072-A008-A42231F8BC4E}.Release|Any CPU.Build.0 = Release|Any CPU
		{DA6D60AB-5BB7-418F-B392-DAFA88ECB168}.Debug|Any CPU.ActiveCfg = Debug|Any CPU
		{DA6D60AB-5BB7-418F-B392-DAFA88ECB168}.Debug|Any CPU.Build.0 = Debug|Any CPU
		{DA6D60AB-5BB7-418F-B392-DAFA88ECB168}.Release|Any CPU.ActiveCfg = Release|Any CPU
		{DA6D60AB-5BB7-418F-B392-DAFA88ECB168}.Release|Any CPU.Build.0 = Release|Any CPU
		{15B0CECA-D953-4713-847B-65E5DC74D955}.Debug|Any CPU.ActiveCfg = Debug|Any CPU
		{15B0CECA-D953-4713-847B-65E5DC74D955}.Debug|Any CPU.Build.0 = Debug|Any CPU
		{15B0CECA-D953-4713-847B-65E5DC74D955}.Release|Any CPU.ActiveCfg = Release|Any CPU
		{15B0CECA-D953-4713-847B-65E5DC74D955}.Release|Any CPU.Build.0 = Release|Any CPU
	EndGlobalSection
	GlobalSection(SolutionProperties) = preSolution
		HideSolutionNode = FALSE
	EndGlobalSection
	GlobalSection(NestedProjects) = preSolution
		{70826842-BC4C-4012-895B-D23C81289D9D} = {8D287B79-2D81-4A41-8D23-6FC1F36BB2F1}
		{453D6FD9-E741-4C29-A6DF-851837800C2E} = {038ED1AE-B4F9-4291-9187-0407FF9496F1}
		{F868D8EB-D264-4056-A1F3-CAADD2345EBF} = {6B41CB5A-583A-42F5-833F-497F59E637A7}
		{8816F81C-BF80-4E30-A2A6-5C1DF11B1721} = {6B41CB5A-583A-42F5-833F-497F59E637A7}
		{5BD72AAF-CFBD-4B52-918A-10F2241E37ED} = {6B41CB5A-583A-42F5-833F-497F59E637A7}
		{FB564539-024E-4A7B-A7E5-CAA9DCF104DD} = {90E523BC-BC8F-4810-96AC-31EC343A9240}
		{124393E0-3B4B-4F85-AC74-F10B979A0189} = {90E523BC-BC8F-4810-96AC-31EC343A9240}
		{5857F6B5-1601-49C2-A002-5693665E8A31} = {90E523BC-BC8F-4810-96AC-31EC343A9240}
		{3B358564-840F-4B3A-B723-AADBF36F55F0} = {EB86E626-1E0A-465E-A3FB-0050CC1E448D}
		{8BFC9B20-9544-49AD-90F8-396E5DC0C918} = {EB86E626-1E0A-465E-A3FB-0050CC1E448D}
		{F824F87A-CEB1-4469-930C-CF0E6D2841BF} = {EB86E626-1E0A-465E-A3FB-0050CC1E448D}
		{C8F5E87A-7368-4072-A008-A42231F8BC4E} = {5D4453FB-B8B1-4059-84FC-01AE0B5D92B7}
		{DA6D60AB-5BB7-418F-B392-DAFA88ECB168} = {5D4453FB-B8B1-4059-84FC-01AE0B5D92B7}
		{15B0CECA-D953-4713-847B-65E5DC74D955} = {5D4453FB-B8B1-4059-84FC-01AE0B5D92B7}
	EndGlobalSection
	GlobalSection(ExtensibilityGlobals) = postSolution
		SolutionGuid = {3151DFDD-B3F3-465B-9976-8DA46C5E3B56}
	EndGlobalSection
EndGlobal
