
Microsoft Visual Studio Solution File, Format Version 12.00
# Visual Studio Version 16
VisualStudioVersion = 16.0.33927.289
MinimumVisualStudioVersion = 10.0.40219.1
Project("{2150E333-8FDC-42A3-9474-1A3956D46DE8}") = "Task0", "Task0", "{8D287B79-2D81-4A41-8D23-6FC1F36BB2F1}"
EndProject
Project("{FAE04EC0-301F-11D3-BF4B-00C04F79EFBC}") = "Tyuiu.RagimovaMA.Sprint0.Task0.V0", "Tyuiu.RagimovaMA.Sprint0.Task0.V0\Tyuiu.RagimovaMA.Sprint0.Task0.V0.csproj", "{70826842-BC4C-4012-895B-D23C81289D9D}"
EndProject
Global
	GlobalSection(SolutionConfigurationPlatforms) = preSolution
		Debug|Any CPU = Debug|Any CPU
		Release|Any CPU = Release|Any CPU
	EndGlobalSection
	GlobalSection(ProjectConfigurationPlatforms) = postSolution
		{70826842-BC4C-4012-895B-D23C81289D9D}.Debug|Any CPU.ActiveCfg = Debug|Any CPU
		{70826842-BC4C-4012-895B-D23C81289D9D}.Debug|Any CPU.Build.0 = Debug|Any CPU
		{70826842-BC4C-4012-895B-D23C81289D9D}.Release|Any CPU.ActiveCfg = Release|Any CPU
		{70826842-BC4C-4012-895B-D23C81289D9D}.Release|Any CPU.Build.0 = Release|Any CPU
	EndGlobalSection
	GlobalSection(SolutionProperties) = preSolution
		HideSolutionNode = FALSE
	EndGlobalSection
	GlobalSection(NestedProjects) = preSolution
		{70826842-BC4C-4012-895B-D23C81289D9D} = {8D287B79-2D81-4A41-8D23-6FC1F36BB2F1}
	EndGlobalSection
	GlobalSection(ExtensibilityGlobals) = postSolution
		SolutionGuid = {3151DFDD-B3F3-465B-9976-8DA46C5E3B56}
	EndGlobalSection
EndGlobal
