
Microsoft Visual Studio Solution File, Format Version 12.00
# Visual Studio Version 16
VisualStudioVersion = 16.0.33927.289
MinimumVisualStudioVersion = 10.0.40219.1
Project("{2150E333-8FDC-42A3-9474-1A3956D46DE8}") = "Task0", "Task0", "{8D287B79-2D81-4A41-8D23-6FC1F36BB2F1}"
EndProject
Project("{FAE04EC0-301F-11D3-BF4B-00C04F79EFBC}") = "Tyuiu.RagimovaMA.Sprint0.Task0.V0", "Tyuiu.RagimovaMA.Sprint0.Task0.V0\Tyuiu.RagimovaMA.Sprint0.Task0.V0.csproj", "{70826842-BC4C-4012-895B-D23C81289D9D}"
EndProject
Project("{2150E333-8FDC-42A3-9474-1A3956D46DE8}") = "Task1", "Task1", "{038ED1AE-B4F9-4291-9187-0407FF9496F1}"
EndProject
Project("{FAE04EC0-301F-11D3-BF4B-00C04F79EFBC}") = "Tyuiu.RagimovaMA.Sprint0.Task1.V0", "Tyuiu.RagimovaMA.Sprint0.Task1.V0\Tyuiu.RagimovaMA.Sprint0.Task1.V0.csproj", "{453D6FD9-E741-4C29-A6DF-851837800C2E}"
EndProject
Project("{2150E333-8FDC-42A3-9474-1A3956D46DE8}") = "Task2", "Task2", "{6B41CB5A-583A-42F5-833F-497F59E637A7}"
EndProject
Project("{FAE04EC0-301F-11D3-BF4B-00C04F79EFBC}") = "Tyuiu.RagimovaMA.Sprint0.Task2.V0", "Tyuiu.RagimovaMA.Sprint0.Task2.V0\Tyuiu.RagimovaMA.Sprint0.Task2.V0.csproj", "{F868D8EB-D264-4056-A1F3-CAADD2345EBF}"
EndProject
Project("{FAE04EC0-301F-11D3-BF4B-00C04F79EFBC}") = "Tyuiu.RagimovaMA.Sprint0.Task2.V0.Lib", "Tyuiu.RagimovaMA.Sprint0.Task2.V0.Lib\Tyuiu.RagimovaMA.Sprint0.Task2.V0.Lib.csproj", "{8816F81C-BF80-4E30-A2A6-5C1DF11B1721}"
EndProject
Project("{FAE04EC0-301F-11D3-BF4B-00C04F79EFBC}") = "Tyuiu.RagimovaMA.Sprint0.Task2.V0.Test", "Tyuiu.RagimovaMA.Sprint0.Task2.V0.Test\Tyuiu.RagimovaMA.Sprint0.Task2.V0.Test.csproj", "{5BD72AAF-CFBD-4B52-918A-10F2241E37ED}"
EndProject
Global
	GlobalSection(SolutionConfigurationPlatforms) = preSolution
		Debug|Any CPU = Debug|Any CPU
		Release|Any CPU = Release|Any CPU
	EndGlobalSection
	GlobalSection(ProjectConfigurationPlatforms) = postSolution
		{70826842-BC4C-4012-895B-D23C81289D9D}.Debug|Any CPU.ActiveCfg = Debug|Any CPU
		{70826842-BC4C-4012-895B-D23C81289D9D}.Debug|Any CPU.Build.0 = Debug|Any CPU
		{70826842-BC4C-4012-895B-D23C81289D9D}.Release|Any CPU.ActiveCfg = Release|Any CPU
		{70826842-BC4C-4012-895B-D23C81289D9D}.Release|Any CPU.Build.0 = Release|Any CPU
		{453D6FD9-E741-4C29-A6DF-851837800C2E}.Debug|Any CPU.ActiveCfg = Debug|Any CPU
		{453D6FD9-E741-4C29-A6DF-851837800C2E}.Debug|Any CPU.Build.0 = Debug|Any CPU
		{453D6FD9-E741-4C29-A6DF-851837800C2E}.Release|Any CPU.ActiveCfg = Release|Any CPU
		{453D6FD9-E741-4C29-A6DF-851837800C2E}.Release|Any CPU.Build.0 = Release|Any CPU
		{F868D8EB-D264-4056-A1F3-CAADD2345EBF}.Debug|Any CPU.ActiveCfg = Debug|Any CPU
		{F868D8EB-D264-4056-A1F3-CAADD2345EBF}.Debug|Any CPU.Build.0 = Debug|Any CPU
		{F868D8EB-D264-4056-A1F3-CAADD2345EBF}.Release|Any CPU.ActiveCfg = Release|Any CPU
		{F868D8EB-D264-4056-A1F3-CAADD2345EBF}.Release|Any CPU.Build.0 = Release|Any CPU
		{8816F81C-BF80-4E30-A2A6-5C1DF11B1721}.Debug|Any CPU.ActiveCfg = Debug|Any CPU
		{8816F81C-BF80-4E30-A2A6-5C1DF11B1721}.Debug|Any CPU.Build.0 = Debug|Any CPU
		{8816F81C-BF80-4E30-A2A6-5C1DF11B1721}.Release|Any CPU.ActiveCfg = Release|Any CPU
		{8816F81C-BF80-4E30-A2A6-5C1DF11B1721}.Release|Any CPU.Build.0 = Release|Any CPU
		{5BD72AAF-CFBD-4B52-918A-10F2241E37ED}.Debug|Any CPU.ActiveCfg = Debug|Any CPU
		{5BD72AAF-CFBD-4B52-918A-10F2241E37ED}.Debug|Any CPU.Build.0 = Debug|Any CPU
		{5BD72AAF-CFBD-4B52-918A-10F2241E37ED}.Release|Any CPU.ActiveCfg = Release|Any CPU
		{5BD72AAF-CFBD-4B52-918A-10F2241E37ED}.Release|Any CPU.Build.0 = Release|Any CPU
	EndGlobalSection
	GlobalSection(SolutionProperties) = preSolution
		HideSolutionNode = FALSE
	EndGlobalSection
	GlobalSection(NestedProjects) = preSolution
		{70826842-BC4C-4012-895B-D23C81289D9D} = {8D287B79-2D81-4A41-8D23-6FC1F36BB2F1}
		{453D6FD9-E741-4C29-A6DF-851837800C2E} = {038ED1AE-B4F9-4291-9187-0407FF9496F1}
		{F868D8EB-D264-4056-A1F3-CAADD2345EBF} = {6B41CB5A-583A-42F5-833F-497F59E637A7}
		{8816F81C-BF80-4E30-A2A6-5C1DF11B1721} = {6B41CB5A-583A-42F5-833F-497F59E637A7}
		{5BD72AAF-CFBD-4B52-918A-10F2241E37ED} = {6B41CB5A-583A-42F5-833F-497F59E637A7}
	EndGlobalSection
	GlobalSection(ExtensibilityGlobals) = postSolution
		SolutionGuid = {3151DFDD-B3F3-465B-9976-8DA46C5E3B56}
	EndGlobalSection
EndGlobal
